// !$*UTF8*$!
{
	archiveVersion = 1;
	classes = {
	};
	objectVersion = 56;
	objects = {

/* Begin PBXBuildFile section */
		099EF246299E437900801CC1 /* Protoype_HealthKit_API_OISApp.swift in Sources */ = {isa = PBXBuildFile; fileRef = 099EF245299E437900801CC1 /* Protoype_HealthKit_API_OISApp.swift */; };
		099EF248299E437900801CC1 /* ContentView.swift in Sources */ = {isa = PBXBuildFile; fileRef = 099EF247299E437900801CC1 /* ContentView.swift */; };
		099EF24A299E437B00801CC1 /* Assets.xcassets in Resources */ = {isa = PBXBuildFile; fileRef = 099EF249299E437B00801CC1 /* Assets.xcassets */; };
		099EF24D299E437B00801CC1 /* Preview Assets.xcassets in Resources */ = {isa = PBXBuildFile; fileRef = 099EF24C299E437B00801CC1 /* Preview Assets.xcassets */; };
		099EF257299E437B00801CC1 /* Protoype_HealthKit_API_OISTests.swift in Sources */ = {isa = PBXBuildFile; fileRef = 099EF256299E437B00801CC1 /* Protoype_HealthKit_API_OISTests.swift */; };
		099EF261299E437B00801CC1 /* Protoype_HealthKit_API_OISUITests.swift in Sources */ = {isa = PBXBuildFile; fileRef = 099EF260299E437B00801CC1 /* Protoype_HealthKit_API_OISUITests.swift */; };
		099EF263299E437B00801CC1 /* Protoype_HealthKit_API_OISUITestsLaunchTests.swift in Sources */ = {isa = PBXBuildFile; fileRef = 099EF262299E437B00801CC1 /* Protoype_HealthKit_API_OISUITestsLaunchTests.swift */; };
		099EF272299E44CF00801CC1 /* HealthKitManager.swift in Sources */ = {isa = PBXBuildFile; fileRef = 099EF271299E44CF00801CC1 /* HealthKitManager.swift */; };
/* End PBXBuildFile section */

/* Begin PBXContainerItemProxy section */
		099EF253299E437B00801CC1 /* PBXContainerItemProxy */ = {
			isa = PBXContainerItemProxy;
			containerPortal = 099EF23A299E437900801CC1 /* Project object */;
			proxyType = 1;
			remoteGlobalIDString = 099EF241299E437900801CC1;
			remoteInfo = "Protoype-HealthKit-API-OIS";
		};
		099EF25D299E437B00801CC1 /* PBXContainerItemProxy */ = {
			isa = PBXContainerItemProxy;
			containerPortal = 099EF23A299E437900801CC1 /* Project object */;
			proxyType = 1;
			remoteGlobalIDString = 099EF241299E437900801CC1;
			remoteInfo = "Protoype-HealthKit-API-OIS";
		};
/* End PBXContainerItemProxy section */

/* Begin PBXFileReference section */
		099EF242299E437900801CC1 /* Protoype-HealthKit-API-OIS.app */ = {isa = PBXFileReference; explicitFileType = wrapper.application; includeInIndex = 0; path = "Protoype-HealthKit-API-OIS.app"; sourceTree = BUILT_PRODUCTS_DIR; };
		099EF245299E437900801CC1 /* Protoype_HealthKit_API_OISApp.swift */ = {isa = PBXFileReference; lastKnownFileType = sourcecode.swift; path = Protoype_HealthKit_API_OISApp.swift; sourceTree = "<group>"; };
		099EF247299E437900801CC1 /* ContentView.swift */ = {isa = PBXFileReference; lastKnownFileType = sourcecode.swift; path = ContentView.swift; sourceTree = "<group>"; };
		099EF249299E437B00801CC1 /* Assets.xcassets */ = {isa = PBXFileReference; lastKnownFileType = folder.assetcatalog; path = Assets.xcassets; sourceTree = "<group>"; };
		099EF24C299E437B00801CC1 /* Preview Assets.xcassets */ = {isa = PBXFileReference; lastKnownFileType = folder.assetcatalog; path = "Preview Assets.xcassets"; sourceTree = "<group>"; };
		099EF252299E437B00801CC1 /* Protoype-HealthKit-API-OISTests.xctest */ = {isa = PBXFileReference; explicitFileType = wrapper.cfbundle; includeInIndex = 0; path = "Protoype-HealthKit-API-OISTests.xctest"; sourceTree = BUILT_PRODUCTS_DIR; };
		099EF256299E437B00801CC1 /* Protoype_HealthKit_API_OISTests.swift */ = {isa = PBXFileReference; lastKnownFileType = sourcecode.swift; path = Protoype_HealthKit_API_OISTests.swift; sourceTree = "<group>"; };
		099EF25C299E437B00801CC1 /* Protoype-HealthKit-API-OISUITests.xctest */ = {isa = PBXFileReference; explicitFileType = wrapper.cfbundle; includeInIndex = 0; path = "Protoype-HealthKit-API-OISUITests.xctest"; sourceTree = BUILT_PRODUCTS_DIR; };
		099EF260299E437B00801CC1 /* Protoype_HealthKit_API_OISUITests.swift */ = {isa = PBXFileReference; lastKnownFileType = sourcecode.swift; path = Protoype_HealthKit_API_OISUITests.swift; sourceTree = "<group>"; };
		099EF262299E437B00801CC1 /* Protoype_HealthKit_API_OISUITestsLaunchTests.swift */ = {isa = PBXFileReference; lastKnownFileType = sourcecode.swift; path = Protoype_HealthKit_API_OISUITestsLaunchTests.swift; sourceTree = "<group>"; };
		099EF26F299E441200801CC1 /* Protoype-HealthKit-API-OIS.entitlements */ = {isa = PBXFileReference; lastKnownFileType = text.plist.entitlements; path = "Protoype-HealthKit-API-OIS.entitlements"; sourceTree = "<group>"; };
		099EF271299E44CF00801CC1 /* HealthKitManager.swift */ = {isa = PBXFileReference; lastKnownFileType = sourcecode.swift; path = HealthKitManager.swift; sourceTree = "<group>"; };
		099EF273299E4ACF00801CC1 /* Info.plist */ = {isa = PBXFileReference; lastKnownFileType = text.plist; path = Info.plist; sourceTree = "<group>"; };
/* End PBXFileReference section */

/* Begin PBXFrameworksBuildPhase section */
		099EF23F299E437900801CC1 /* Frameworks */ = {
			isa = PBXFrameworksBuildPhase;
			buildActionMask = 2147483647;
			files = (
			);
			runOnlyForDeploymentPostprocessing = 0;
		};
		099EF24F299E437B00801CC1 /* Frameworks */ = {
			isa = PBXFrameworksBuildPhase;
			buildActionMask = 2147483647;
			files = (
			);
			runOnlyForDeploymentPostprocessing = 0;
		};
		099EF259299E437B00801CC1 /* Frameworks */ = {
			isa = PBXFrameworksBuildPhase;
			buildActionMask = 2147483647;
			files = (
			);
			runOnlyForDeploymentPostprocessing = 0;
		};
/* End PBXFrameworksBuildPhase section */

/* Begin PBXGroup section */
		099EF239299E437900801CC1 = {
			isa = PBXGroup;
			children = (
				099EF244299E437900801CC1 /* Protoype-HealthKit-API-OIS */,
				099EF255299E437B00801CC1 /* Protoype-HealthKit-API-OISTests */,
				099EF25F299E437B00801CC1 /* Protoype-HealthKit-API-OISUITests */,
				099EF243299E437900801CC1 /* Products */,
			);
			sourceTree = "<group>";
		};
		099EF243299E437900801CC1 /* Products */ = {
			isa = PBXGroup;
			children = (
				099EF242299E437900801CC1 /* Protoype-HealthKit-API-OIS.app */,
				099EF252299E437B00801CC1 /* Protoype-HealthKit-API-OISTests.xctest */,
				099EF25C299E437B00801CC1 /* Protoype-HealthKit-API-OISUITests.xctest */,
			);
			name = Products;
			sourceTree = "<group>";
		};
		099EF244299E437900801CC1 /* Protoype-HealthKit-API-OIS */ = {
			isa = PBXGroup;
			children = (
				099EF273299E4ACF00801CC1 /* Info.plist */,
				099EF270299E44BB00801CC1 /* Managers */,
				099EF26F299E441200801CC1 /* Protoype-HealthKit-API-OIS.entitlements */,
				099EF245299E437900801CC1 /* Protoype_HealthKit_API_OISApp.swift */,
				099EF247299E437900801CC1 /* ContentView.swift */,
				099EF249299E437B00801CC1 /* Assets.xcassets */,
				099EF24B299E437B00801CC1 /* Preview Content */,
			);
			path = "Protoype-HealthKit-API-OIS";
			sourceTree = "<group>";
		};
		099EF24B299E437B00801CC1 /* Preview Content */ = {
			isa = PBXGroup;
			children = (
				099EF24C299E437B00801CC1 /* Preview Assets.xcassets */,
			);
			path = "Preview Content";
			sourceTree = "<group>";
		};
		099EF255299E437B00801CC1 /* Protoype-HealthKit-API-OISTests */ = {
			isa = PBXGroup;
			children = (
				099EF256299E437B00801CC1 /* Protoype_HealthKit_API_OISTests.swift */,
			);
			path = "Protoype-HealthKit-API-OISTests";
			sourceTree = "<group>";
		};
		099EF25F299E437B00801CC1 /* Protoype-HealthKit-API-OISUITests */ = {
			isa = PBXGroup;
			children = (
				099EF260299E437B00801CC1 /* Protoype_HealthKit_API_OISUITests.swift */,
				099EF262299E437B00801CC1 /* Protoype_HealthKit_API_OISUITestsLaunchTests.swift */,
			);
			path = "Protoype-HealthKit-API-OISUITests";
			sourceTree = "<group>";
		};
		099EF270299E44BB00801CC1 /* Managers */ = {
			isa = PBXGroup;
			children = (
				099EF271299E44CF00801CC1 /* HealthKitManager.swift */,
			);
			path = Managers;
			sourceTree = "<group>";
		};
/* End PBXGroup section */

/* Begin PBXNativeTarget section */
		099EF241299E437900801CC1 /* Protoype-HealthKit-API-OIS */ = {
			isa = PBXNativeTarget;
			buildConfigurationList = 099EF266299E437B00801CC1 /* Build configuration list for PBXNativeTarget "Protoype-HealthKit-API-OIS" */;
			buildPhases = (
				099EF23E299E437900801CC1 /* Sources */,
				099EF23F299E437900801CC1 /* Frameworks */,
				099EF240299E437900801CC1 /* Resources */,
			);
			buildRules = (
			);
			dependencies = (
			);
			name = "Protoype-HealthKit-API-OIS";
			productName = "Protoype-HealthKit-API-OIS";
			productReference = 099EF242299E437900801CC1 /* Protoype-HealthKit-API-OIS.app */;
			productType = "com.apple.product-type.application";
		};
		099EF251299E437B00801CC1 /* Protoype-HealthKit-API-OISTests */ = {
			isa = PBXNativeTarget;
			buildConfigurationList = 099EF269299E437B00801CC1 /* Build configuration list for PBXNativeTarget "Protoype-HealthKit-API-OISTests" */;
			buildPhases = (
				099EF24E299E437B00801CC1 /* Sources */,
				099EF24F299E437B00801CC1 /* Frameworks */,
				099EF250299E437B00801CC1 /* Resources */,
			);
			buildRules = (
			);
			dependencies = (
				099EF254299E437B00801CC1 /* PBXTargetDependency */,
			);
			name = "Protoype-HealthKit-API-OISTests";
			productName = "Protoype-HealthKit-API-OISTests";
			productReference = 099EF252299E437B00801CC1 /* Protoype-HealthKit-API-OISTests.xctest */;
			productType = "com.apple.product-type.bundle.unit-test";
		};
		099EF25B299E437B00801CC1 /* Protoype-HealthKit-API-OISUITests */ = {
			isa = PBXNativeTarget;
			buildConfigurationList = 099EF26C299E437B00801CC1 /* Build configuration list for PBXNativeTarget "Protoype-HealthKit-API-OISUITests" */;
			buildPhases = (
				099EF258299E437B00801CC1 /* Sources */,
				099EF259299E437B00801CC1 /* Frameworks */,
				099EF25A299E437B00801CC1 /* Resources */,
			);
			buildRules = (
			);
			dependencies = (
				099EF25E299E437B00801CC1 /* PBXTargetDependency */,
			);
			name = "Protoype-HealthKit-API-OISUITests";
			productName = "Protoype-HealthKit-API-OISUITests";
			productReference = 099EF25C299E437B00801CC1 /* Protoype-HealthKit-API-OISUITests.xctest */;
			productType = "com.apple.product-type.bundle.ui-testing";
		};
/* End PBXNativeTarget section */

/* Begin PBXProject section */
		099EF23A299E437900801CC1 /* Project object */ = {
			isa = PBXProject;
			attributes = {
				BuildIndependentTargetsInParallel = 1;
				LastSwiftUpdateCheck = 1420;
				LastUpgradeCheck = 1420;
				TargetAttributes = {
					099EF241299E437900801CC1 = {
						CreatedOnToolsVersion = 14.2;
					};
					099EF251299E437B00801CC1 = {
						CreatedOnToolsVersion = 14.2;
						TestTargetID = 099EF241299E437900801CC1;
					};
					099EF25B299E437B00801CC1 = {
						CreatedOnToolsVersion = 14.2;
						TestTargetID = 099EF241299E437900801CC1;
					};
				};
			};
			buildConfigurationList = 099EF23D299E437900801CC1 /* Build configuration list for PBXProject "Protoype-HealthKit-API-OIS" */;
			compatibilityVersion = "Xcode 14.0";
			developmentRegion = en;
			hasScannedForEncodings = 0;
			knownRegions = (
				en,
				Base,
			);
			mainGroup = 099EF239299E437900801CC1;
			productRefGroup = 099EF243299E437900801CC1 /* Products */;
			projectDirPath = "";
			projectRoot = "";
			targets = (
				099EF241299E437900801CC1 /* Protoype-HealthKit-API-OIS */,
				099EF251299E437B00801CC1 /* Protoype-HealthKit-API-OISTests */,
				099EF25B299E437B00801CC1 /* Protoype-HealthKit-API-OISUITests */,
			);
		};
/* End PBXProject section */

/* Begin PBXResourcesBuildPhase section */
		099EF240299E437900801CC1 /* Resources */ = {
			isa = PBXResourcesBuildPhase;
			buildActionMask = 2147483647;
			files = (
				099EF24D299E437B00801CC1 /* Preview Assets.xcassets in Resources */,
				099EF24A299E437B00801CC1 /* Assets.xcassets in Resources */,
			);
			runOnlyForDeploymentPostprocessing = 0;
		};
		099EF250299E437B00801CC1 /* Resources */ = {
			isa = PBXResourcesBuildPhase;
			buildActionMask = 2147483647;
			files = (
			);
			runOnlyForDeploymentPostprocessing = 0;
		};
		099EF25A299E437B00801CC1 /* Resources */ = {
			isa = PBXResourcesBuildPhase;
			buildActionMask = 2147483647;
			files = (
			);
			runOnlyForDeploymentPostprocessing = 0;
		};
/* End PBXResourcesBuildPhase section */

/* Begin PBXSourcesBuildPhase section */
		099EF23E299E437900801CC1 /* Sources */ = {
			isa = PBXSourcesBuildPhase;
			buildActionMask = 2147483647;
			files = (
				099EF248299E437900801CC1 /* ContentView.swift in Sources */,
				099EF246299E437900801CC1 /* Protoype_HealthKit_API_OISApp.swift in Sources */,
				099EF272299E44CF00801CC1 /* HealthKitManager.swift in Sources */,
			);
			runOnlyForDeploymentPostprocessing = 0;
		};
		099EF24E299E437B00801CC1 /* Sources */ = {
			isa = PBXSourcesBuildPhase;
			buildActionMask = 2147483647;
			files = (
				099EF257299E437B00801CC1 /* Protoype_HealthKit_API_OISTests.swift in Sources */,
			);
			runOnlyForDeploymentPostprocessing = 0;
		};
		099EF258299E437B00801CC1 /* Sources */ = {
			isa = PBXSourcesBuildPhase;
			buildActionMask = 2147483647;
			files = (
				099EF263299E437B00801CC1 /* Protoype_HealthKit_API_OISUITestsLaunchTests.swift in Sources */,
				099EF261299E437B00801CC1 /* Protoype_HealthKit_API_OISUITests.swift in Sources */,
			);
			runOnlyForDeploymentPostprocessing = 0;
		};
/* End PBXSourcesBuildPhase section */

/* Begin PBXTargetDependency section */
		099EF254299E437B00801CC1 /* PBXTargetDependency */ = {
			isa = PBXTargetDependency;
			target = 099EF241299E437900801CC1 /* Protoype-HealthKit-API-OIS */;
			targetProxy = 099EF253299E437B00801CC1 /* PBXContainerItemProxy */;
		};
		099EF25E299E437B00801CC1 /* PBXTargetDependency */ = {
			isa = PBXTargetDependency;
			target = 099EF241299E437900801CC1 /* Protoype-HealthKit-API-OIS */;
			targetProxy = 099EF25D299E437B00801CC1 /* PBXContainerItemProxy */;
		};
/* End PBXTargetDependency section */

/* Begin XCBuildConfiguration section */
		099EF264299E437B00801CC1 /* Debug */ = {
			isa = XCBuildConfiguration;
			buildSettings = {
				ALWAYS_SEARCH_USER_PATHS = NO;
				CLANG_ANALYZER_NONNULL = YES;
				CLANG_ANALYZER_NUMBER_OBJECT_CONVERSION = YES_AGGRESSIVE;
				CLANG_CXX_LANGUAGE_STANDARD = "gnu++20";
				CLANG_ENABLE_MODULES = YES;
				CLANG_ENABLE_OBJC_ARC = YES;
				CLANG_ENABLE_OBJC_WEAK = YES;
				CLANG_WARN_BLOCK_CAPTURE_AUTORELEASING = YES;
				CLANG_WARN_BOOL_CONVERSION = YES;
				CLANG_WARN_COMMA = YES;
				CLANG_WARN_CONSTANT_CONVERSION = YES;
				CLANG_WARN_DEPRECATED_OBJC_IMPLEMENTATIONS = YES;
				CLANG_WARN_DIRECT_OBJC_ISA_USAGE = YES_ERROR;
				CLANG_WARN_DOCUMENTATION_COMMENTS = YES;
				CLANG_WARN_EMPTY_BODY = YES;
				CLANG_WARN_ENUM_CONVERSION = YES;
				CLANG_WARN_INFINITE_RECURSION = YES;
				CLANG_WARN_INT_CONVERSION = YES;
				CLANG_WARN_NON_LITERAL_NULL_CONVERSION = YES;
				CLANG_WARN_OBJC_IMPLICIT_RETAIN_SELF = YES;
				CLANG_WARN_OBJC_LITERAL_CONVERSION = YES;
				CLANG_WARN_OBJC_ROOT_CLASS = YES_ERROR;
				CLANG_WARN_QUOTED_INCLUDE_IN_FRAMEWORK_HEADER = YES;
				CLANG_WARN_RANGE_LOOP_ANALYSIS = YES;
				CLANG_WARN_STRICT_PROTOTYPES = YES;
				CLANG_WARN_SUSPICIOUS_MOVE = YES;
				CLANG_WARN_UNGUARDED_AVAILABILITY = YES_AGGRESSIVE;
				CLANG_WARN_UNREACHABLE_CODE = YES;
				CLANG_WARN__DUPLICATE_METHOD_MATCH = YES;
				COPY_PHASE_STRIP = NO;
				DEBUG_INFORMATION_FORMAT = dwarf;
				ENABLE_STRICT_OBJC_MSGSEND = YES;
				ENABLE_TESTABILITY = YES;
				GCC_C_LANGUAGE_STANDARD = gnu11;
				GCC_DYNAMIC_NO_PIC = NO;
				GCC_NO_COMMON_BLOCKS = YES;
				GCC_OPTIMIZATION_LEVEL = 0;
				GCC_PREPROCESSOR_DEFINITIONS = (
					"DEBUG=1",
					"$(inherited)",
				);
				GCC_WARN_64_TO_32_BIT_CONVERSION = YES;
				GCC_WARN_ABOUT_RETURN_TYPE = YES_ERROR;
				GCC_WARN_UNDECLARED_SELECTOR = YES;
				GCC_WARN_UNINITIALIZED_AUTOS = YES_AGGRESSIVE;
				GCC_WARN_UNUSED_FUNCTION = YES;
				GCC_WARN_UNUSED_VARIABLE = YES;
				IPHONEOS_DEPLOYMENT_TARGET = 16.2;
				MTL_ENABLE_DEBUG_INFO = INCLUDE_SOURCE;
				MTL_FAST_MATH = YES;
				ONLY_ACTIVE_ARCH = YES;
				SDKROOT = iphoneos;
				SWIFT_ACTIVE_COMPILATION_CONDITIONS = DEBUG;
				SWIFT_OPTIMIZATION_LEVEL = "-Onone";
			};
			name = Debug;
		};
		099EF265299E437B00801CC1 /* Release */ = {
			isa = XCBuildConfiguration;
			buildSettings = {
				ALWAYS_SEARCH_USER_PATHS = NO;
				CLANG_ANALYZER_NONNULL = YES;
				CLANG_ANALYZER_NUMBER_OBJECT_CONVERSION = YES_AGGRESSIVE;
				CLANG_CXX_LANGUAGE_STANDARD = "gnu++20";
				CLANG_ENABLE_MODULES = YES;
				CLANG_ENABLE_OBJC_ARC = YES;
				CLANG_ENABLE_OBJC_WEAK = YES;
				CLANG_WARN_BLOCK_CAPTURE_AUTORELEASING = YES;
				CLANG_WARN_BOOL_CONVERSION = YES;
				CLANG_WARN_COMMA = YES;
				CLANG_WARN_CONSTANT_CONVERSION = YES;
				CLANG_WARN_DEPRECATED_OBJC_IMPLEMENTATIONS = YES;
				CLANG_WARN_DIRECT_OBJC_ISA_USAGE = YES_ERROR;
				CLANG_WARN_DOCUMENTATION_COMMENTS = YES;
				CLANG_WARN_EMPTY_BODY = YES;
				CLANG_WARN_ENUM_CONVERSION = YES;
				CLANG_WARN_INFINITE_RECURSION = YES;
				CLANG_WARN_INT_CONVERSION = YES;
				CLANG_WARN_NON_LITERAL_NULL_CONVERSION = YES;
				CLANG_WARN_OBJC_IMPLICIT_RETAIN_SELF = YES;
				CLANG_WARN_OBJC_LITERAL_CONVERSION = YES;
				CLANG_WARN_OBJC_ROOT_CLASS = YES_ERROR;
				CLANG_WARN_QUOTED_INCLUDE_IN_FRAMEWORK_HEADER = YES;
				CLANG_WARN_RANGE_LOOP_ANALYSIS = YES;
				CLANG_WARN_STRICT_PROTOTYPES = YES;
				CLANG_WARN_SUSPICIOUS_MOVE = YES;
				CLANG_WARN_UNGUARDED_AVAILABILITY = YES_AGGRESSIVE;
				CLANG_WARN_UNREACHABLE_CODE = YES;
				CLANG_WARN__DUPLICATE_METHOD_MATCH = YES;
				COPY_PHASE_STRIP = NO;
				DEBUG_INFORMATION_FORMAT = "dwarf-with-dsym";
				ENABLE_NS_ASSERTIONS = NO;
				ENABLE_STRICT_OBJC_MSGSEND = YES;
				GCC_C_LANGUAGE_STANDARD = gnu11;
				GCC_NO_COMMON_BLOCKS = YES;
				GCC_WARN_64_TO_32_BIT_CONVERSION = YES;
				GCC_WARN_ABOUT_RETURN_TYPE = YES_ERROR;
				GCC_WARN_UNDECLARED_SELECTOR = YES;
				GCC_WARN_UNINITIALIZED_AUTOS = YES_AGGRESSIVE;
				GCC_WARN_UNUSED_FUNCTION = YES;
				GCC_WARN_UNUSED_VARIABLE = YES;
				IPHONEOS_DEPLOYMENT_TARGET = 16.2;
				MTL_ENABLE_DEBUG_INFO = NO;
				MTL_FAST_MATH = YES;
				SDKROOT = iphoneos;
				SWIFT_COMPILATION_MODE = wholemodule;
				SWIFT_OPTIMIZATION_LEVEL = "-O";
				VALIDATE_PRODUCT = YES;
			};
			name = Release;
		};
		099EF267299E437B00801CC1 /* Debug */ = {
			isa = XCBuildConfiguration;
			buildSettings = {
				ASSETCATALOG_COMPILER_APPICON_NAME = AppIcon;
				ASSETCATALOG_COMPILER_GLOBAL_ACCENT_COLOR_NAME = AccentColor;
				CODE_SIGN_ENTITLEMENTS = "Protoype-HealthKit-API-OIS/Protoype-HealthKit-API-OIS.entitlements";
				CODE_SIGN_STYLE = Automatic;
				CURRENT_PROJECT_VERSION = 1;
				DEVELOPMENT_ASSET_PATHS = "\"Protoype-HealthKit-API-OIS/Preview Content\"";
				DEVELOPMENT_TEAM = SFUH889WFT;
				ENABLE_PREVIEWS = YES;
				GENERATE_INFOPLIST_FILE = YES;
				INFOPLIST_FILE = "Protoype-HealthKit-API-OIS/Info.plist";
				INFOPLIST_KEY_NSHealthShareUsageDescription = "Allow this app to use your health data";
				INFOPLIST_KEY_NSHealthUpdateUsageDescription = "Allow this app to use your health kit";
				INFOPLIST_KEY_UIApplicationSceneManifest_Generation = YES;
				INFOPLIST_KEY_UIApplicationSupportsIndirectInputEvents = YES;
				INFOPLIST_KEY_UILaunchScreen_Generation = YES;
				INFOPLIST_KEY_UISupportedInterfaceOrientations_iPad = "UIInterfaceOrientationPortrait UIInterfaceOrientationPortraitUpsideDown UIInterfaceOrientationLandscapeLeft UIInterfaceOrientationLandscapeRight";
				INFOPLIST_KEY_UISupportedInterfaceOrientations_iPhone = "UIInterfaceOrientationPortrait UIInterfaceOrientationLandscapeLeft UIInterfaceOrientationLandscapeRight";
				LD_RUNPATH_SEARCH_PATHS = (
					"$(inherited)",
					"@executable_path/Frameworks",
				);
				MARKETING_VERSION = 1.0;
				PRODUCT_BUNDLE_IDENTIFIER = "S4-Breno.Protoype-HealthKit-API-OIS";
				PRODUCT_NAME = "$(TARGET_NAME)";
				SWIFT_EMIT_LOC_STRINGS = YES;
				SWIFT_VERSION = 5.0;
				TARGETED_DEVICE_FAMILY = "1,2";
			};
			name = Debug;
		};
		099EF268299E437B00801CC1 /* Release */ = {
			isa = XCBuildConfiguration;
			buildSettings = {
				ASSETCATALOG_COMPILER_APPICON_NAME = AppIcon;
				ASSETCATALOG_COMPILER_GLOBAL_ACCENT_COLOR_NAME = AccentColor;
				CODE_SIGN_ENTITLEMENTS = "Protoype-HealthKit-API-OIS/Protoype-HealthKit-API-OIS.entitlements";
				CODE_SIGN_STYLE = Automatic;
				CURRENT_PROJECT_VERSION = 1;
				DEVELOPMENT_ASSET_PATHS = "\"Protoype-HealthKit-API-OIS/Preview Content\"";
				DEVELOPMENT_TEAM = SFUH889WFT;
				ENABLE_PREVIEWS = YES;
				GENERATE_INFOPLIST_FILE = YES;
				INFOPLIST_FILE = "Protoype-HealthKit-API-OIS/Info.plist";
				INFOPLIST_KEY_NSHealthShareUsageDescription = "Allow this app to use your health data";
				INFOPLIST_KEY_NSHealthUpdateUsageDescription = "Allow this app to use your health kit";
				INFOPLIST_KEY_UIApplicationSceneManifest_Generation = YES;
				INFOPLIST_KEY_UIApplicationSupportsIndirectInputEvents = YES;
				INFOPLIST_KEY_UILaunchScreen_Generation = YES;
				INFOPLIST_KEY_UISupportedInterfaceOrientations_iPad = "UIInterfaceOrientationPortrait UIInterfaceOrientationPortraitUpsideDown UIInterfaceOrientationLandscapeLeft UIInterfaceOrientationLandscapeRight";
				INFOPLIST_KEY_UISupportedInterfaceOrientations_iPhone = "UIInterfaceOrientationPortrait UIInterfaceOrientationLandscapeLeft UIInterfaceOrientationLandscapeRight";
				LD_RUNPATH_SEARCH_PATHS = (
					"$(inherited)",
					"@executable_path/Frameworks",
				);
				MARKETING_VERSION = 1.0;
				PRODUCT_BUNDLE_IDENTIFIER = "S4-Breno.Protoype-HealthKit-API-OIS";
				PRODUCT_NAME = "$(TARGET_NAME)";
				SWIFT_EMIT_LOC_STRINGS = YES;
				SWIFT_VERSION = 5.0;
				TARGETED_DEVICE_FAMILY = "1,2";
			};
			name = Release;
		};
		099EF26A299E437B00801CC1 /* Debug */ = {
			isa = XCBuildConfiguration;
			buildSettings = {
				ALWAYS_EMBED_SWIFT_STANDARD_LIBRARIES = YES;
				BUNDLE_LOADER = "$(TEST_HOST)";
				CODE_SIGN_STYLE = Automatic;
				CURRENT_PROJECT_VERSION = 1;
				DEVELOPMENT_TEAM = SFUH889WFT;
				GENERATE_INFOPLIST_FILE = YES;
				IPHONEOS_DEPLOYMENT_TARGET = 16.2;
				MARKETING_VERSION = 1.0;
				PRODUCT_BUNDLE_IDENTIFIER = "S4-Breno.Protoype-HealthKit-API-OISTests";
				PRODUCT_NAME = "$(TARGET_NAME)";
				SWIFT_EMIT_LOC_STRINGS = NO;
				SWIFT_VERSION = 5.0;
				TARGETED_DEVICE_FAMILY = "1,2";
				TEST_HOST = "$(BUILT_PRODUCTS_DIR)/Protoype-HealthKit-API-OIS.app/$(BUNDLE_EXECUTABLE_FOLDER_PATH)/Protoype-HealthKit-API-OIS";
			};
			name = Debug;
		};
		099EF26B299E437B00801CC1 /* Release */ = {
			isa = XCBuildConfiguration;
			buildSettings = {
				ALWAYS_EMBED_SWIFT_STANDARD_LIBRARIES = YES;
				BUNDLE_LOADER = "$(TEST_HOST)";
				CODE_SIGN_STYLE = Automatic;
				CURRENT_PROJECT_VERSION = 1;
				DEVELOPMENT_TEAM = SFUH889WFT;
				GENERATE_INFOPLIST_FILE = YES;
				IPHONEOS_DEPLOYMENT_TARGET = 16.2;
				MARKETING_VERSION = 1.0;
				PRODUCT_BUNDLE_IDENTIFIER = "S4-Breno.Protoype-HealthKit-API-OISTests";
				PRODUCT_NAME = "$(TARGET_NAME)";
				SWIFT_EMIT_LOC_STRINGS = NO;
				SWIFT_VERSION = 5.0;
				TARGETED_DEVICE_FAMILY = "1,2";
				TEST_HOST = "$(BUILT_PRODUCTS_DIR)/Protoype-HealthKit-API-OIS.app/$(BUNDLE_EXECUTABLE_FOLDER_PATH)/Protoype-HealthKit-API-OIS";
			};
			name = Release;
		};
		099EF26D299E437B00801CC1 /* Debug */ = {
			isa = XCBuildConfiguration;
			buildSettings = {
				ALWAYS_EMBED_SWIFT_STANDARD_LIBRARIES = YES;
				CODE_SIGN_STYLE = Automatic;
				CURRENT_PROJECT_VERSION = 1;
				DEVELOPMENT_TEAM = SFUH889WFT;
				GENERATE_INFOPLIST_FILE = YES;
				MARKETING_VERSION = 1.0;
				PRODUCT_BUNDLE_IDENTIFIER = "S4-Breno.Protoype-HealthKit-API-OISUITests";
				PRODUCT_NAME = "$(TARGET_NAME)";
				SWIFT_EMIT_LOC_STRINGS = NO;
				SWIFT_VERSION = 5.0;
				TARGETED_DEVICE_FAMILY = "1,2";
				TEST_TARGET_NAME = "Protoype-HealthKit-API-OIS";
			};
			name = Debug;
		};
		099EF26E299E437B00801CC1 /* Release */ = {
			isa = XCBuildConfiguration;
			buildSettings = {
				ALWAYS_EMBED_SWIFT_STANDARD_LIBRARIES = YES;
				CODE_SIGN_STYLE = Automatic;
				CURRENT_PROJECT_VERSION = 1;
				DEVELOPMENT_TEAM = SFUH889WFT;
				GENERATE_INFOPLIST_FILE = YES;
				MARKETING_VERSION = 1.0;
				PRODUCT_BUNDLE_IDENTIFIER = "S4-Breno.Protoype-HealthKit-API-OISUITests";
				PRODUCT_NAME = "$(TARGET_NAME)";
				SWIFT_EMIT_LOC_STRINGS = NO;
				SWIFT_VERSION = 5.0;
				TARGETED_DEVICE_FAMILY = "1,2";
				TEST_TARGET_NAME = "Protoype-HealthKit-API-OIS";
			};
			name = Release;
		};
/* End XCBuildConfiguration section */

/* Begin XCConfigurationList section */
		099EF23D299E437900801CC1 /* Build configuration list for PBXProject "Protoype-HealthKit-API-OIS" */ = {
			isa = XCConfigurationList;
			buildConfigurations = (
				099EF264299E437B00801CC1 /* Debug */,
				099EF265299E437B00801CC1 /* Release */,
			);
			defaultConfigurationIsVisible = 0;
			defaultConfigurationName = Release;
		};
		099EF266299E437B00801CC1 /* Build configuration list for PBXNativeTarget "Protoype-HealthKit-API-OIS" */ = {
			isa = XCConfigurationList;
			buildConfigurations = (
				099EF267299E437B00801CC1 /* Debug */,
				099EF268299E437B00801CC1 /* Release */,
			);
			defaultConfigurationIsVisible = 0;
			defaultConfigurationName = Release;
		};
		099EF269299E437B00801CC1 /* Build configuration list for PBXNativeTarget "Protoype-HealthKit-API-OISTests" */ = {
			isa = XCConfigurationList;
			buildConfigurations = (
				099EF26A299E437B00801CC1 /* Debug */,
				099EF26B299E437B00801CC1 /* Release */,
			);
			defaultConfigurationIsVisible = 0;
			defaultConfigurationName = Release;
		};
		099EF26C299E437B00801CC1 /* Build configuration list for PBXNativeTarget "Protoype-HealthKit-API-OISUITests" */ = {
			isa = XCConfigurationList;
			buildConfigurations = (
				099EF26D299E437B00801CC1 /* Debug */,
				099EF26E299E437B00801CC1 /* Release */,
			);
			defaultConfigurationIsVisible = 0;
			defaultConfigurationName = Release;
		};
/* End XCConfigurationList section */
	};
	rootObject = 099EF23A299E437900801CC1 /* Project object */;
}
